
Microsoft Visual Studio Solution File, Format Version 12.00
# Visual Studio Version 17
VisualStudioVersion = 17.3.32901.215
MinimumVisualStudioVersion = 10.0.40219.1
Project("{9A19103F-16F7-4668-BE54-9A1E7A4F7556}") = "MyMusic", "MyMusic\MyMusic.csproj", "{7CF07446-6657-4655-BCDD-C9EEFE37F1B4}"
EndProject
Project("{9A19103F-16F7-4668-BE54-9A1E7A4F7556}") = "Music.Core", "Music.Core\Music.Core.csproj", "{4EE44A0B-41A9-46CB-BCF5-5B54EF3E16E6}"
EndProject
Project("{9A19103F-16F7-4668-BE54-9A1E7A4F7556}") = "Music.System", "Music.System\Music.System.csproj", "{A4CEDD49-7F68-460B-848E-CB3EA2F64AEC}"
EndProject
Project("{9A19103F-16F7-4668-BE54-9A1E7A4F7556}") = "Music.SqlSugar", "Music.SqlSugar\Music.SqlSugar.csproj", "{17EAA610-A159-4D79-B804-49AE0D6E2725}"
EndProject
Project("{FAE04EC0-301F-11D3-BF4B-00C04F79EFBC}") = "Music.Themes", "Music.Themes\Music.Themes.csproj", "{53CBB5F4-CB01-4124-8B2E-21CBAF22F847}"
EndProject
Project("{FAE04EC0-301F-11D3-BF4B-00C04F79EFBC}") = "Music.Shared", "Music.Shared\Music.Shared.csproj", "{6B3A00FD-528E-4A28-8C6C-C9D155877C13}"
EndProject
Project("{FAE04EC0-301F-11D3-BF4B-00C04F79EFBC}") = "Music.ToolKit", "Music.ToolKit\Music.ToolKit.csproj", "{439DDFC4-C41D-4082-80E4-4E9F4AD5F2A2}"
EndProject
Global
	GlobalSection(SolutionConfigurationPlatforms) = preSolution
		Debug|Any CPU = Debug|Any CPU
		Release|Any CPU = Release|Any CPU
	EndGlobalSection
	GlobalSection(ProjectConfigurationPlatforms) = postSolution
		{7CF07446-6657-4655-BCDD-C9EEFE37F1B4}.Debug|Any CPU.ActiveCfg = Debug|Any CPU
		{7CF07446-6657-4655-BCDD-C9EEFE37F1B4}.Debug|Any CPU.Build.0 = Debug|Any CPU
		{7CF07446-6657-4655-BCDD-C9EEFE37F1B4}.Release|Any CPU.ActiveCfg = Release|Any CPU
		{7CF07446-6657-4655-BCDD-C9EEFE37F1B4}.Release|Any CPU.Build.0 = Release|Any CPU
		{4EE44A0B-41A9-46CB-BCF5-5B54EF3E16E6}.Debug|Any CPU.ActiveCfg = Debug|Any CPU
		{4EE44A0B-41A9-46CB-BCF5-5B54EF3E16E6}.Debug|Any CPU.Build.0 = Debug|Any CPU
		{4EE44A0B-41A9-46CB-BCF5-5B54EF3E16E6}.Release|Any CPU.ActiveCfg = Release|Any CPU
		{4EE44A0B-41A9-46CB-BCF5-5B54EF3E16E6}.Release|Any CPU.Build.0 = Release|Any CPU
		{A4CEDD49-7F68-460B-848E-CB3EA2F64AEC}.Debug|Any CPU.ActiveCfg = Debug|Any CPU
		{A4CEDD49-7F68-460B-848E-CB3EA2F64AEC}.Debug|Any CPU.Build.0 = Debug|Any CPU
		{A4CEDD49-7F68-460B-848E-CB3EA2F64AEC}.Release|Any CPU.ActiveCfg = Release|Any CPU
		{A4CEDD49-7F68-460B-848E-CB3EA2F64AEC}.Release|Any CPU.Build.0 = Release|Any CPU
		{17EAA610-A159-4D79-B804-49AE0D6E2725}.Debug|Any CPU.ActiveCfg = Debug|Any CPU
		{17EAA610-A159-4D79-B804-49AE0D6E2725}.Debug|Any CPU.Build.0 = Debug|Any CPU
		{17EAA610-A159-4D79-B804-49AE0D6E2725}.Release|Any CPU.ActiveCfg = Release|Any CPU
		{17EAA610-A159-4D79-B804-49AE0D6E2725}.Release|Any CPU.Build.0 = Release|Any CPU
		{53CBB5F4-CB01-4124-8B2E-21CBAF22F847}.Debug|Any CPU.ActiveCfg = Debug|Any CPU
		{53CBB5F4-CB01-4124-8B2E-21CBAF22F847}.Debug|Any CPU.Build.0 = Debug|Any CPU
		{53CBB5F4-CB01-4124-8B2E-21CBAF22F847}.Release|Any CPU.ActiveCfg = Release|Any CPU
		{53CBB5F4-CB01-4124-8B2E-21CBAF22F847}.Release|Any CPU.Build.0 = Release|Any CPU
		{6B3A00FD-528E-4A28-8C6C-C9D155877C13}.Debug|Any CPU.ActiveCfg = Debug|Any CPU
		{6B3A00FD-528E-4A28-8C6C-C9D155877C13}.Debug|Any CPU.Build.0 = Debug|Any CPU
		{6B3A00FD-528E-4A28-8C6C-C9D155877C13}.Release|Any CPU.ActiveCfg = Release|Any CPU
		{6B3A00FD-528E-4A28-8C6C-C9D155877C13}.Release|Any CPU.Build.0 = Release|Any CPU
		{439DDFC4-C41D-4082-80E4-4E9F4AD5F2A2}.Debug|Any CPU.ActiveCfg = Debug|Any CPU
		{439DDFC4-C41D-4082-80E4-4E9F4AD5F2A2}.Debug|Any CPU.Build.0 = Debug|Any CPU
		{439DDFC4-C41D-4082-80E4-4E9F4AD5F2A2}.Release|Any CPU.ActiveCfg = Release|Any CPU
		{439DDFC4-C41D-4082-80E4-4E9F4AD5F2A2}.Release|Any CPU.Build.0 = Release|Any CPU
	EndGlobalSection
	GlobalSection(SolutionProperties) = preSolution
		HideSolutionNode = FALSE
	EndGlobalSection
	GlobalSection(ExtensibilityGlobals) = postSolution
		SolutionGuid = {E7D1BA10-8A44-4C50-A39E-B770AE81F668}
	EndGlobalSection
EndGlobal
